
Microsoft Visual Studio Solution File, Format Version 12.00
# Visual Studio Version 16
VisualStudioVersion = 16.0.31424.327
MinimumVisualStudioVersion = 10.0.40219.1
Project("{FAE04EC0-301F-11D3-BF4B-00C04F79EFBC}") = "Gyak03_Linq", "Gyak03_Linq\Gyak03_Linq.csproj", "{B3553AB0-A46E-4236-979E-1A92E45C9049}"
EndProject
Global
	GlobalSection(SolutionConfigurationPlatforms) = preSolution
		Debug|Any CPU = Debug|Any CPU
		Release|Any CPU = Release|Any CPU
	EndGlobalSection
	GlobalSection(ProjectConfigurationPlatforms) = postSolution
		{B3553AB0-A46E-4236-979E-1A92E45C9049}.Debug|Any CPU.ActiveCfg = Debug|Any CPU
		{B3553AB0-A46E-4236-979E-1A92E45C9049}.Debug|Any CPU.Build.0 = Debug|Any CPU
		{B3553AB0-A46E-4236-979E-1A92E45C9049}.Release|Any CPU.ActiveCfg = Release|Any CPU
		{B3553AB0-A46E-4236-979E-1A92E45C9049}.Release|Any CPU.Build.0 = Release|Any CPU
	EndGlobalSection
	GlobalSection(SolutionProperties) = preSolution
		HideSolutionNode = FALSE
	EndGlobalSection
	GlobalSection(ExtensibilityGlobals) = postSolution
		SolutionGuid = {6EFDB81B-15E0-48EB-BA0E-8E2E67E3AD24}
	EndGlobalSection
EndGlobal
